packages:
  common_cells:
    revision: null
    version: null
    source:
      Path: /fosic/designs/croc/rtl/common_cells
    dependencies:
    - common_verification
    - tech_cells_generic
  common_verification:
    revision: null
    version: null
    source:
      Path: /fosic/designs/croc/rtl/common_verification
    dependencies: []
  tech_cells_generic:
    revision: null
    version: null
    source:
      Path: /fosic/designs/croc/rtl/tech_cells_generic
    dependencies:
    - common_verification
